
Microsoft Visual Studio Solution File, Format Version 12.00
# Visual Studio 15
VisualStudioVersion = 15.0.28307.572
MinimumVisualStudioVersion = 10.0.40219.1
Project("{9A19103F-16F7-4668-BE54-9A1E7A4F7556}") = "StudentRegistration", "StudentRegistration\StudentRegistration.csproj", "{5B58AA98-B06F-4036-950D-96D4D52B6B17}"
EndProject
Project("{9A19103F-16F7-4668-BE54-9A1E7A4F7556}") = "Api", "Api\Api.csproj", "{7A07CB0A-0A9F-47C2-8CED-2002A3346272}"
EndProject
Project("{FAE04EC0-301F-11D3-BF4B-00C04F79EFBC}") = "DataService", "ClassLibrary1\DataService.csproj", "{7817BC87-FD1E-418C-BA85-5ECE5AFCF05C}"
EndProject
Global
	GlobalSection(SolutionConfigurationPlatforms) = preSolution
		Debug|Any CPU = Debug|Any CPU
		Release|Any CPU = Release|Any CPU
	EndGlobalSection
	GlobalSection(ProjectConfigurationPlatforms) = postSolution
		{5B58AA98-B06F-4036-950D-96D4D52B6B17}.Debug|Any CPU.ActiveCfg = Debug|Any CPU
		{5B58AA98-B06F-4036-950D-96D4D52B6B17}.Debug|Any CPU.Build.0 = Debug|Any CPU
		{5B58AA98-B06F-4036-950D-96D4D52B6B17}.Release|Any CPU.ActiveCfg = Release|Any CPU
		{5B58AA98-B06F-4036-950D-96D4D52B6B17}.Release|Any CPU.Build.0 = Release|Any CPU
		{7A07CB0A-0A9F-47C2-8CED-2002A3346272}.Debug|Any CPU.ActiveCfg = Debug|Any CPU
		{7A07CB0A-0A9F-47C2-8CED-2002A3346272}.Debug|Any CPU.Build.0 = Debug|Any CPU
		{7A07CB0A-0A9F-47C2-8CED-2002A3346272}.Release|Any CPU.ActiveCfg = Release|Any CPU
		{7A07CB0A-0A9F-47C2-8CED-2002A3346272}.Release|Any CPU.Build.0 = Release|Any CPU
		{7817BC87-FD1E-418C-BA85-5ECE5AFCF05C}.Debug|Any CPU.ActiveCfg = Debug|Any CPU
		{7817BC87-FD1E-418C-BA85-5ECE5AFCF05C}.Debug|Any CPU.Build.0 = Debug|Any CPU
		{7817BC87-FD1E-418C-BA85-5ECE5AFCF05C}.Release|Any CPU.ActiveCfg = Release|Any CPU
		{7817BC87-FD1E-418C-BA85-5ECE5AFCF05C}.Release|Any CPU.Build.0 = Release|Any CPU
	EndGlobalSection
	GlobalSection(SolutionProperties) = preSolution
		HideSolutionNode = FALSE
	EndGlobalSection
	GlobalSection(ExtensibilityGlobals) = postSolution
		SolutionGuid = {94C9C1C6-0A49-4F7D-B27D-4DDEA4B5BA48}
	EndGlobalSection
EndGlobal
